
Microsoft Visual Studio Solution File, Format Version 12.00
# Visual Studio Version 16
VisualStudioVersion = 16.0.28803.352
MinimumVisualStudioVersion = 10.0.40219.1
Project("{9A19103F-16F7-4668-BE54-9A1E7A4F7556}") = "CMA.API", "CMA\CMA.API.csproj", "{A99FCDBB-384F-4876-A7B5-3DF5067B2519}"
EndProject
Project("{FAE04EC0-301F-11D3-BF4B-00C04F79EFBC}") = "CMA.Models", "CMA.Models\CMA.Models.csproj", "{D75F8BD7-A00C-4A5C-BAA8-03C7B2F8300E}"
EndProject
Project("{FAE04EC0-301F-11D3-BF4B-00C04F79EFBC}") = "CMA.Data", "CMA.Data\CMA.Data.csproj", "{298BA8A4-0570-474D-8F3D-E42DA267F0CE}"
EndProject
Global
	GlobalSection(SolutionConfigurationPlatforms) = preSolution
		Debug|Any CPU = Debug|Any CPU
		Release|Any CPU = Release|Any CPU
	EndGlobalSection
	GlobalSection(ProjectConfigurationPlatforms) = postSolution
		{A99FCDBB-384F-4876-A7B5-3DF5067B2519}.Debug|Any CPU.ActiveCfg = Debug|Any CPU
		{A99FCDBB-384F-4876-A7B5-3DF5067B2519}.Debug|Any CPU.Build.0 = Debug|Any CPU
		{A99FCDBB-384F-4876-A7B5-3DF5067B2519}.Release|Any CPU.ActiveCfg = Release|Any CPU
		{A99FCDBB-384F-4876-A7B5-3DF5067B2519}.Release|Any CPU.Build.0 = Release|Any CPU
		{D75F8BD7-A00C-4A5C-BAA8-03C7B2F8300E}.Debug|Any CPU.ActiveCfg = Debug|Any CPU
		{D75F8BD7-A00C-4A5C-BAA8-03C7B2F8300E}.Debug|Any CPU.Build.0 = Debug|Any CPU
		{D75F8BD7-A00C-4A5C-BAA8-03C7B2F8300E}.Release|Any CPU.ActiveCfg = Release|Any CPU
		{D75F8BD7-A00C-4A5C-BAA8-03C7B2F8300E}.Release|Any CPU.Build.0 = Release|Any CPU
		{298BA8A4-0570-474D-8F3D-E42DA267F0CE}.Debug|Any CPU.ActiveCfg = Debug|Any CPU
		{298BA8A4-0570-474D-8F3D-E42DA267F0CE}.Debug|Any CPU.Build.0 = Debug|Any CPU
		{298BA8A4-0570-474D-8F3D-E42DA267F0CE}.Release|Any CPU.ActiveCfg = Release|Any CPU
		{298BA8A4-0570-474D-8F3D-E42DA267F0CE}.Release|Any CPU.Build.0 = Release|Any CPU
	EndGlobalSection
	GlobalSection(SolutionProperties) = preSolution
		HideSolutionNode = FALSE
	EndGlobalSection
	GlobalSection(ExtensibilityGlobals) = postSolution
		SolutionGuid = {56326A7D-103A-49A9-B853-04F007064FAF}
	EndGlobalSection
EndGlobal
