
Microsoft Visual Studio Solution File, Format Version 12.00
# Visual Studio Version 16
VisualStudioVersion = 16.0.28803.352
MinimumVisualStudioVersion = 10.0.40219.1
Project("{FAE04EC0-301F-11D3-BF4B-00C04F79EFBC}") = "CMA.API", "CMA\CMA.API.csproj", "{A99FCDBB-384F-4876-A7B5-3DF5067B2519}"
EndProject
Global
	GlobalSection(SolutionConfigurationPlatforms) = preSolution
		Debug|Any CPU = Debug|Any CPU
		Release|Any CPU = Release|Any CPU
	EndGlobalSection
	GlobalSection(ProjectConfigurationPlatforms) = postSolution
		{A99FCDBB-384F-4876-A7B5-3DF5067B2519}.Debug|Any CPU.ActiveCfg = Debug|Any CPU
		{A99FCDBB-384F-4876-A7B5-3DF5067B2519}.Debug|Any CPU.Build.0 = Debug|Any CPU
		{A99FCDBB-384F-4876-A7B5-3DF5067B2519}.Release|Any CPU.ActiveCfg = Release|Any CPU
		{A99FCDBB-384F-4876-A7B5-3DF5067B2519}.Release|Any CPU.Build.0 = Release|Any CPU
	EndGlobalSection
	GlobalSection(SolutionProperties) = preSolution
		HideSolutionNode = FALSE
	EndGlobalSection
	GlobalSection(ExtensibilityGlobals) = postSolution
		SolutionGuid = {56326A7D-103A-49A9-B853-04F007064FAF}
	EndGlobalSection
EndGlobal
